{
  "name": "bootstrap-colorpicker-test",
  "version": "1.0.0",
  "lockfileVersion": 1,
  "requires": true,
  "dependencies": {
    "@types/jquery": {
      "version": "3.3.27",
      "resolved": "https://registry.npmjs.org/@types/jquery/-/jquery-3.3.27.tgz",
      "integrity": "sha512-t0ONpsFoH6yXqsdB+OlL1YxckfoGrok9lqxni6aD40QPPMahe6t7knB4SxCh0Bk9Yvc20OfZzxRU9ccQZcBZGQ==",
      "dev": true,
      "requires": {
        "@types/sizzle": "*"
      }
    },
    "@types/sizzle": {
      "version": "2.3.2",
      "resolved": "https://registry.npmjs.org/@types/sizzle/-/sizzle-2.3.2.tgz",
      "integrity": "sha512-7EJYyKTL7tFR8+gDbB6Wwz/arpGa0Mywk1TJbNzKzHtzbwVmY4HR9WqS5VV7dsBUKQmPNr192jHr/VpBluj/hg==",
      "dev": true
    },
    "bootstrap": {
      "version": "3.4.0",
      "resolved": "https://registry.npmjs.org/bootstrap/-/bootstrap-3.4.0.tgz",
      "integrity": "sha512-F1yTDO9OHKH0xjl03DsOe8Nu1OWBIeAugGMhy3UTIYDdbbIPesQIhCEbj+HEr6wqlwweGAlP8F3OBC6kEuhFuw=="
    },
    "bootstrap-colorpicker": {
      "version": "2.5.3",
      "resolved": "https://registry.npmjs.org/bootstrap-colorpicker/-/bootstrap-colorpicker-2.5.3.tgz",
      "integrity": "sha512-xdllX8LSMvKULs3b8JrgRXTvyvjkSMHHHVuHjjN5FNMqr6kRe5NPiMHFmeAFjlgDF73MspikudLuEwR28LbzLw==",
      "requires": {
        "jquery": ">=1.10"
      }
    },
    "jquery": {
      "version": "3.3.1",
      "resolved": "https://registry.npmjs.org/jquery/-/jquery-3.3.1.tgz",
      "integrity": "sha512-Ubldcmxp5np52/ENotGxlLe6aGMvmF4R8S6tZjsP6Knsaxd/xp3Zrh50cG93lR6nPXyUFwzN3ZSOQI0wRJNdGg=="
    }
  }
}
